
Microsoft Visual Studio Solution File, Format Version 12.00
# Visual Studio Version 17
VisualStudioVersion = 17.5.33530.505
MinimumVisualStudioVersion = 10.0.40219.1
Project("{FAE04EC0-301F-11D3-BF4B-00C04F79EFBC}") = "UProastery", "UProastery.csproj", "{DFAB731C-8324-4359-9C18-5B5DA5F8FA2A}"
EndProject
Global
	GlobalSection(SolutionConfigurationPlatforms) = preSolution
		Debug|Any CPU = Debug|Any CPU
		Release|Any CPU = Release|Any CPU
	EndGlobalSection
	GlobalSection(ProjectConfigurationPlatforms) = postSolution
		{DFAB731C-8324-4359-9C18-5B5DA5F8FA2A}.Debug|Any CPU.ActiveCfg = Debug|Any CPU
		{DFAB731C-8324-4359-9C18-5B5DA5F8FA2A}.Debug|Any CPU.Build.0 = Debug|Any CPU
		{DFAB731C-8324-4359-9C18-5B5DA5F8FA2A}.Release|Any CPU.ActiveCfg = Release|Any CPU
		{DFAB731C-8324-4359-9C18-5B5DA5F8FA2A}.Release|Any CPU.Build.0 = Release|Any CPU
	EndGlobalSection
	GlobalSection(SolutionProperties) = preSolution
		HideSolutionNode = FALSE
	EndGlobalSection
	GlobalSection(ExtensibilityGlobals) = postSolution
		SolutionGuid = {A27C69D5-DA5F-4272-9BD5-33FABEE6CA8C}
	EndGlobalSection
EndGlobal
